
Microsoft Visual Studio Solution File, Format Version 12.00
# Visual Studio 2012
Project("{FAE04EC0-301F-11D3-BF4B-00C04F79EFBC}") = "Quest", "Quest\Quest.csproj", "{CC03C856-0CCD-45E9-8E68-EA6195699DCD}"
EndProject
Global
	GlobalSection(SolutionConfigurationPlatforms) = preSolution
		Debug|Any CPU = Debug|Any CPU
		Release|Any CPU = Release|Any CPU
	EndGlobalSection
	GlobalSection(ProjectConfigurationPlatforms) = postSolution
		{CC03C856-0CCD-45E9-8E68-EA6195699DCD}.Debug|Any CPU.ActiveCfg = Debug|Any CPU
		{CC03C856-0CCD-45E9-8E68-EA6195699DCD}.Debug|Any CPU.Build.0 = Debug|Any CPU
		{CC03C856-0CCD-45E9-8E68-EA6195699DCD}.Release|Any CPU.ActiveCfg = Release|Any CPU
		{CC03C856-0CCD-45E9-8E68-EA6195699DCD}.Release|Any CPU.Build.0 = Release|Any CPU
	EndGlobalSection
EndGlobal
